<?xml version="1.0" encoding="utf-8"?>
<Project ToolsVersion="4.0" xmlns="http://schemas.microsoft.com/developer/msbuild/2003">
  <ItemGroup>
    <FxCompile Include="resources\shaders\BoxFilter.PS.hlsl" />
    <FxCompile Include="resources\shaders\BoxFilter.VS.hlsl" />
    <FxCompile Include="resources\shaders\GaussianFilter.PS.hlsl" />
    <FxCompile Include="resources\shaders\GaussianFilter.VS.hlsl" />
    <FxCompile Include="resources\shaders\Grayscale.PS.hlsl" />
    <FxCompile Include="resources\shaders\Grayscale.VS.hlsl" />
    <FxCompile Include="resources\shaders\NoneEffect.PS.hlsl" />
    <FxCompile Include="resources\shaders\NoneEffect.VS.hlsl" />
    <FxCompile Include="resources\shaders\Object3d.PS.hlsl" />
    <FxCompile Include="resources\shaders\Object3d.VS.hlsl" />
    <FxCompile Include="resources\shaders\Particle.PS.hlsl" />
    <FxCompile Include="resources\shaders\Particle.VS.hlsl" />
    <FxCompile Include="resources\shaders\Skybox.PS.hlsl" />
    <FxCompile Include="resources\shaders\Skybox.VS.hlsl" />
    <FxCompile Include="resources\shaders\Vignette.PS.hlsl" />
    <FxCompile Include="resources\shaders\Vignette.VS.hlsl" />
  </ItemGroup>
  <ItemGroup>
    <ClCompile Include="main.cpp">
      <Filter>ソース ファイル</Filter>
    </ClCompile>
    <ClCompile Include="gameEngine\2d\Sprite.cpp">
      <Filter>ソース ファイル\gameEngine\2d</Filter>
    </ClCompile>
    <ClCompile Include="gameEngine\2d\SpriteCommon.cpp">
      <Filter>ソース ファイル\gameEngine\2d</Filter>
    </ClCompile>
    <ClCompile Include="gameEngine\base\TextureManager.cpp">
      <Filter>ソース ファイル\gameEngine\2d</Filter>
    </ClCompile>
    <ClCompile Include="gameEngine\3d\Model.cpp">
      <Filter>ソース ファイル\gameEngine\3d</Filter>
    </ClCompile>
    <ClCompile Include="gameEngine\3d\ModelCommon.cpp">
      <Filter>ソース ファイル\gameEngine\3d</Filter>
    </ClCompile>
    <ClCompile Include="gameEngine\3d\ModelManager.cpp">
      <Filter>ソース ファイル\gameEngine\3d</Filter>
    </ClCompile>
    <ClCompile Include="gameEngine\3d\Object3d.cpp">
      <Filter>ソース ファイル\gameEngine\3d</Filter>
    </ClCompile>
    <ClCompile Include="gameEngine\3d\Object3dCommon.cpp">
      <Filter>ソース ファイル\gameEngine\3d</Filter>
    </ClCompile>
    <ClCompile Include="gameEngine\base\D3DResourceLeakChecker.cpp">
      <Filter>ソース ファイル\gameEngine\base</Filter>
    </ClCompile>
    <ClCompile Include="gameEngine\base\DirectXCommon.cpp">
      <Filter>ソース ファイル\gameEngine\base</Filter>
    </ClCompile>
    <ClCompile Include="gameEngine\base\WinApp.cpp">
      <Filter>ソース ファイル\gameEngine\base</Filter>
    </ClCompile>
    <ClCompile Include="gameEngine\io\Input.cpp">
      <Filter>ソース ファイル\gameEngine\io</Filter>
    </ClCompile>
    <ClCompile Include="gameEngine\math\MyMath.cpp">
      <Filter>ソース ファイル\gameEngine\math</Filter>
    </ClCompile>
    <ClCompile Include="gameEngine\utillity\Logger.cpp">
      <Filter>ソース ファイル\gameEngine\utillity</Filter>
    </ClCompile>
    <ClCompile Include="gameEngine\utillity\StringUtility.cpp">
      <Filter>ソース ファイル\gameEngine\utillity</Filter>
    </ClCompile>
    <ClCompile Include="gameEngine\3d\Camera.cpp">
      <Filter>ソース ファイル</Filter>
    </ClCompile>
    <ClCompile Include="gameEngine\math\Vector2.cpp">
      <Filter>ソース ファイル</Filter>
    </ClCompile>
    <ClCompile Include="gameEngine\math\Vector3.cpp">
      <Filter>ソース ファイル</Filter>
    </ClCompile>
    <ClCompile Include="gameEngine\math\Matrix4x4.cpp">
      <Filter>ソース ファイル</Filter>
    </ClCompile>
    <ClCompile Include="gameEngine\3d\CameraManager.cpp">
      <Filter>ソース ファイル</Filter>
    </ClCompile>
    <ClCompile Include="gameEngine\base\SrvManager.cpp">
      <Filter>ソース ファイル</Filter>
    </ClCompile>
    <ClCompile Include="ImGuiManager.cpp">
      <Filter>ソース ファイル</Filter>
    </ClCompile>
    <ClCompile Include="gameEngine\particle\ParticleManager.cpp">
      <Filter>ソース ファイル</Filter>
    </ClCompile>
    <ClCompile Include="gameEngine\particle\Particle.cpp">
      <Filter>ソース ファイル</Filter>
    </ClCompile>
    <ClCompile Include="gameEngine\particle\ParticleEmitter.cpp">
      <Filter>ソース ファイル</Filter>
    </ClCompile>
    <ClCompile Include="scene\base\MyGame.cpp">
      <Filter>ソース ファイル</Filter>
    </ClCompile>
    <ClCompile Include="gameEngine\base\Framework.cpp">
      <Filter>ソース ファイル</Filter>
    </ClCompile>
    <ClCompile Include="scene\scene\GamePlayScene.cpp">
      <Filter>ソース ファイル</Filter>
    </ClCompile>
    <ClCompile Include="scene\scene\TitleScene.cpp">
      <Filter>ソース ファイル</Filter>
    </ClCompile>
    <ClCompile Include="scene\base\BaseScene.cpp">
      <Filter>ソース ファイル</Filter>
    </ClCompile>
    <ClCompile Include="scene\base\SceneManager.cpp">
      <Filter>ソース ファイル</Filter>
    </ClCompile>
    <ClCompile Include="scene\base\SceneFactory.cpp">
      <Filter>ソース ファイル</Filter>
    </ClCompile>
    <ClCompile Include="gameEngine\math\Quaternion.cpp">
      <Filter>ソース ファイル</Filter>
    </ClCompile>
    <ClCompile Include="gameEngine\audio\Audio.cpp">
      <Filter>ソース ファイル</Filter>
    </ClCompile>
    <ClCompile Include="application\Objects\Player\Player.cpp">
      <Filter>ソース ファイル</Filter>
    </ClCompile>
    <ClCompile Include="application\Objects\Field\Field.cpp">
      <Filter>ソース ファイル</Filter>
    </ClCompile>
    <ClCompile Include="application\Objects\Player\Bullet\PlayerBullet.cpp">
      <Filter>ソース ファイル</Filter>
    </ClCompile>
    <ClCompile Include="application\Objects\Enemy\NormalEnemy.cpp">
      <Filter>ソース ファイル</Filter>
    </ClCompile>
    <ClCompile Include="application\BaseObject\GameObject.cpp">
      <Filter>ソース ファイル</Filter>
    </ClCompile>
    <ClCompile Include="application\Objects\Enemy\Bullet\EnemyBullet.cpp">
      <Filter>ソース ファイル</Filter>
    </ClCompile>
    <ClCompile Include="gameEngine\Collider\ColliderManager.cpp">
      <Filter>ソース ファイル</Filter>
    </ClCompile>
    <ClCompile Include="gameEngine\Collider\Collider.cpp">
      <Filter>ソース ファイル</Filter>
    </ClCompile>
    <ClCompile Include="scene\scene\GameOverScene.cpp">
      <Filter>ソース ファイル</Filter>
    </ClCompile>
    <ClCompile Include="scene\scene\ClearScene.cpp">
      <Filter>ソース ファイル</Filter>
    </ClCompile>
    <ClCompile Include="application\Objects\Field\Wall.cpp">
      <Filter>ソース ファイル</Filter>
    </ClCompile>
    <ClCompile Include="application\Objects\Enemy\EnemyManager.cpp">
      <Filter>ソース ファイル</Filter>
    </ClCompile>
    <ClCompile Include="application\Objects\Enemy\WaveState\EnemyWaveState.cpp">
      <Filter>ソース ファイル</Filter>
    </ClCompile>
    <ClCompile Include="application\Objects\Enemy\WaveState\EnemyWaveStage1.cpp">
      <Filter>ソース ファイル</Filter>
    </ClCompile>
    <ClCompile Include="application\Objects\Enemy\WaveState\EnemyWaveStage2.cpp">
      <Filter>ソース ファイル</Filter>
    </ClCompile>
    <ClCompile Include="gameEngine\base\RenderTexture.cpp">
      <Filter>ソース ファイル</Filter>
    </ClCompile>
    <ClCompile Include="gameEngine\base\postEffect\IPostEffectPass.cpp">
      <Filter>ソース ファイル</Filter>
    </ClCompile>
    <ClCompile Include="gameEngine\base\postEffect\GrayscalePass.cpp">
      <Filter>ソース ファイル</Filter>
    </ClCompile>
    <ClCompile Include="gameEngine\base\postEffect\VignettePass.cpp">
      <Filter>ソース ファイル</Filter>
    </ClCompile>
    <ClCompile Include="gameEngine\base\postEffect\PostEffectManager.cpp">
      <Filter>ソース ファイル</Filter>
    </ClCompile>
    <ClCompile Include="gameEngine\base\postEffect\BasePostEffectPass.cpp">
      <Filter>ソース ファイル</Filter>
    </ClCompile>
    <ClCompile Include="gameEngine\base\postEffect\BoxFilterPass.cpp">
      <Filter>ソース ファイル</Filter>
    </ClCompile>
    <ClCompile Include="gameEngine\base\postEffect\GaussianFilterPass.cpp">
      <Filter>ソース ファイル</Filter>
    </ClCompile>
    <ClCompile Include="gameEngine\base\postEffect\NoneEffectPass.cpp">
      <Filter>ソース ファイル</Filter>
    </ClCompile>
    <ClCompile Include="gameEngine\particle\MeshBuilder.cpp">
      <Filter>ソース ファイル</Filter>
    </ClCompile>
    <ClCompile Include="gameEngine\particle\ParticleMotion.cpp">
      <Filter>ソース ファイル</Filter>
    </ClCompile>
    <ClCompile Include="application\Objects\Enemy\BehaviorState\NormalEmemyState\EnemyBehaviorState.cpp">
      <Filter>ソース ファイル</Filter>
    </ClCompile>
    <ClCompile Include="application\Objects\Enemy\BehaviorState\NormalEmemyState\EnemyBehaviorSpawn.cpp">
      <Filter>ソース ファイル</Filter>
    </ClCompile>
    <ClCompile Include="application\Objects\Enemy\BehaviorState\NormalEmemyState\EnemyBehaviorMove.cpp">
      <Filter>ソース ファイル</Filter>
    </ClCompile>
    <ClCompile Include="application\Objects\Enemy\BehaviorState\NormalEmemyState\EnemyBehaviorHitReact.cpp">
      <Filter>ソース ファイル</Filter>
    </ClCompile>
    <ClCompile Include="application\Objects\Enemy\BehaviorState\NormalEmemyState\EnemyBehaviorAttack.cpp">
      <Filter>ソース ファイル</Filter>
    </ClCompile>
    <ClCompile Include="application\Objects\Enemy\BehaviorState\NormalEmemyState\EnemyBehaviorDead.cpp">
      <Filter>ソース ファイル</Filter>
    </ClCompile>
    <ClCompile Include="application\Objects\Enemy\TrapEnemy.cpp">
      <Filter>ソース ファイル</Filter>
    </ClCompile>
    <ClCompile Include="application\Objects\Enemy\Bullet\TimeBomb.cpp">
      <Filter>ソース ファイル</Filter>
    </ClCompile>
    <ClCompile Include="application\Objects\Enemy\Bullet\VignetteTrap.cpp">
      <Filter>ソース ファイル</Filter>
    </ClCompile>
    <ClCompile Include="application\Objects\Enemy\BehaviorState\TrapEnemyState\TrapEnemyBehaviorState.cpp">
      <Filter>ソース ファイル</Filter>
    </ClCompile>
    <ClCompile Include="application\Objects\Enemy\BehaviorState\TrapEnemyState\TrapEnemyBehaviorSpawn.cpp">
      <Filter>ソース ファイル</Filter>
    </ClCompile>
    <ClCompile Include="application\Objects\Enemy\BehaviorState\TrapEnemyState\TrapEnemyBehaviorMove.cpp">
      <Filter>ソース ファイル</Filter>
    </ClCompile>
    <ClCompile Include="application\Objects\Enemy\BehaviorState\TrapEnemyState\TrapEnemyBehaviorSetTrap.cpp">
      <Filter>ソース ファイル</Filter>
    </ClCompile>
    <ClCompile Include="application\Objects\Enemy\BehaviorState\TrapEnemyState\TrapEnemyBehaviorHitReact.cpp">
      <Filter>ソース ファイル</Filter>
    </ClCompile>
    <ClCompile Include="application\Objects\Enemy\BehaviorState\TrapEnemyState\TrapEnemyBehaviorDead.cpp">
      <Filter>ソース ファイル</Filter>
    </ClCompile>
  </ItemGroup>
  <ItemGroup>
    <ClInclude Include="gameEngine\3d\Object3d.h">
      <Filter>ヘッダー ファイル\gameEngine\3d</Filter>
    </ClInclude>
    <ClInclude Include="gameEngine\3d\Object3dCommon.h">
      <Filter>ヘッダー ファイル\gameEngine\3d</Filter>
    </ClInclude>
    <ClInclude Include="gameEngine\2d\Sprite.h">
      <Filter>ヘッダー ファイル\gameEngine\2d</Filter>
    </ClInclude>
    <ClInclude Include="gameEngine\utillity\Logger.h">
      <Filter>ヘッダー ファイル\gameEngine\utillity</Filter>
    </ClInclude>
    <ClInclude Include="gameEngine\utillity\StringUtility.h">
      <Filter>ヘッダー ファイル\gameEngine\utillity</Filter>
    </ClInclude>
    <ClInclude Include="gameEngine\math\MyMath.h">
      <Filter>ヘッダー ファイル\gameEngine\math</Filter>
    </ClInclude>
    <ClInclude Include="gameEngine\io\Input.h">
      <Filter>ヘッダー ファイル\gameEngine\io</Filter>
    </ClInclude>
    <ClInclude Include="gameEngine\base\D3DResourceLeakChecker.h">
      <Filter>ヘッダー ファイル\gameEngine\base</Filter>
    </ClInclude>
    <ClInclude Include="gameEngine\base\DirectXCommon.h">
      <Filter>ヘッダー ファイル\gameEngine\base</Filter>
    </ClInclude>
    <ClInclude Include="gameEngine\base\WinApp.h">
      <Filter>ヘッダー ファイル\gameEngine\base</Filter>
    </ClInclude>
    <ClInclude Include="gameEngine\3d\Model.h">
      <Filter>ヘッダー ファイル\gameEngine\3d</Filter>
    </ClInclude>
    <ClInclude Include="gameEngine\3d\ModelCommon.h">
      <Filter>ヘッダー ファイル\gameEngine\3d</Filter>
    </ClInclude>
    <ClInclude Include="gameEngine\3d\ModelManager.h">
      <Filter>ヘッダー ファイル\gameEngine\3d</Filter>
    </ClInclude>
    <ClInclude Include="gameEngine\2d\SpriteCommon.h">
      <Filter>ヘッダー ファイル\gameEngine\2d</Filter>
    </ClInclude>
    <ClInclude Include="gameEngine\base\TextureManager.h">
      <Filter>ヘッダー ファイル\gameEngine\2d</Filter>
    </ClInclude>
    <ClInclude Include="gameEngine\3d\Camera.h">
      <Filter>ヘッダー ファイル</Filter>
    </ClInclude>
    <ClInclude Include="gameEngine\math\Vector2.h">
      <Filter>ヘッダー ファイル</Filter>
    </ClInclude>
    <ClInclude Include="gameEngine\math\Vector3.h">
      <Filter>ヘッダー ファイル</Filter>
    </ClInclude>
    <ClInclude Include="gameEngine\math\Matrix4x4.h">
      <Filter>ヘッダー ファイル</Filter>
    </ClInclude>
    <ClInclude Include="gameEngine\3d\CameraManager.h">
      <Filter>ヘッダー ファイル</Filter>
    </ClInclude>
    <ClInclude Include="gameEngine\base\SrvManager.h">
      <Filter>ヘッダー ファイル</Filter>
    </ClInclude>
    <ClInclude Include="ImGuiManager.h">
      <Filter>ヘッダー ファイル</Filter>
    </ClInclude>
    <ClInclude Include="gameEngine\particle\ParticleManager.h">
      <Filter>ヘッダー ファイル</Filter>
    </ClInclude>
    <ClInclude Include="gameEngine\particle\Particle.h">
      <Filter>ヘッダー ファイル</Filter>
    </ClInclude>
    <ClInclude Include="gameEngine\particle\ParticleEmitter.h">
      <Filter>ヘッダー ファイル</Filter>
    </ClInclude>
    <ClInclude Include="scene\base\MyGame.h">
      <Filter>ヘッダー ファイル</Filter>
    </ClInclude>
    <ClInclude Include="gameEngine\base\Framework.h">
      <Filter>ヘッダー ファイル</Filter>
    </ClInclude>
    <ClInclude Include="scene\scene\GamePlayScene.h">
      <Filter>ヘッダー ファイル</Filter>
    </ClInclude>
    <ClInclude Include="scene\scene\TitleScene.h">
      <Filter>ヘッダー ファイル</Filter>
    </ClInclude>
    <ClInclude Include="scene\base\BaseScene.h">
      <Filter>ヘッダー ファイル</Filter>
    </ClInclude>
    <ClInclude Include="scene\base\SceneManager.h">
      <Filter>ヘッダー ファイル</Filter>
    </ClInclude>
    <ClInclude Include="scene\base\AbstractSceneFactory.h">
      <Filter>ヘッダー ファイル</Filter>
    </ClInclude>
    <ClInclude Include="scene\base\SceneFactory.h">
      <Filter>ヘッダー ファイル</Filter>
    </ClInclude>
    <ClInclude Include="gameEngine\math\Quaternion.h">
      <Filter>ヘッダー ファイル</Filter>
    </ClInclude>
    <ClInclude Include="gameEngine\audio\Audio.h">
      <Filter>ヘッダー ファイル</Filter>
    </ClInclude>
    <ClInclude Include="application\Objects\Player\Player.h">
      <Filter>ヘッダー ファイル</Filter>
    </ClInclude>
    <ClInclude Include="application\Objects\Field\Field.h">
      <Filter>ヘッダー ファイル</Filter>
    </ClInclude>
    <ClInclude Include="application\Objects\Player\Bullet\PlayerBullet.h">
      <Filter>ヘッダー ファイル</Filter>
    </ClInclude>
    <ClInclude Include="application\Objects\Enemy\NormalEnemy.h">
      <Filter>ヘッダー ファイル</Filter>
    </ClInclude>
    <ClInclude Include="application\BaseObject\GameObject.h">
      <Filter>ヘッダー ファイル</Filter>
    </ClInclude>
    <ClInclude Include="application\Objects\Enemy\Bullet\EnemyBullet.h">
      <Filter>ヘッダー ファイル</Filter>
    </ClInclude>
    <ClInclude Include="gameEngine\Collider\ColliderManager.h">
      <Filter>ヘッダー ファイル</Filter>
    </ClInclude>
    <ClInclude Include="gameEngine\Collider\Collider.h">
      <Filter>ヘッダー ファイル</Filter>
    </ClInclude>
    <ClInclude Include="gameEngine\Collider\Shape.h">
      <Filter>ヘッダー ファイル</Filter>
    </ClInclude>
    <ClInclude Include="scene\scene\GameOverScene.h">
      <Filter>ヘッダー ファイル</Filter>
    </ClInclude>
    <ClInclude Include="scene\scene\ClearScene.h">
      <Filter>ヘッダー ファイル</Filter>
    </ClInclude>
    <ClInclude Include="application\Objects\Field\Wall.h">
      <Filter>ヘッダー ファイル</Filter>
    </ClInclude>
    <ClInclude Include="application\Objects\Enemy\EnemyManager.h">
      <Filter>ヘッダー ファイル</Filter>
    </ClInclude>
    <ClInclude Include="application\Objects\Enemy\WaveState\EnemyWaveState.h">
      <Filter>ヘッダー ファイル</Filter>
    </ClInclude>
    <ClInclude Include="application\Objects\Enemy\WaveState\EnemyWaveStage1.h">
      <Filter>ヘッダー ファイル</Filter>
    </ClInclude>
    <ClInclude Include="application\Objects\Enemy\WaveState\EnemyWaveStage2.h">
      <Filter>ヘッダー ファイル</Filter>
    </ClInclude>
    <ClInclude Include="gameEngine\base\RenderTexture.h">
      <Filter>ヘッダー ファイル</Filter>
    </ClInclude>
    <ClInclude Include="gameEngine\base\postEffect\IPostEffectPass.h">
      <Filter>ヘッダー ファイル</Filter>
    </ClInclude>
    <ClInclude Include="gameEngine\base\postEffect\GrayscalePass.h">
      <Filter>ヘッダー ファイル</Filter>
    </ClInclude>
    <ClInclude Include="gameEngine\base\postEffect\VignettePass.h">
      <Filter>ヘッダー ファイル</Filter>
    </ClInclude>
    <ClInclude Include="gameEngine\base\postEffect\PostEffectManager.h">
      <Filter>ヘッダー ファイル</Filter>
    </ClInclude>
    <ClInclude Include="gameEngine\base\postEffect\BasePostEffectPass.h">
      <Filter>ヘッダー ファイル</Filter>
    </ClInclude>
    <ClInclude Include="gameEngine\base\postEffect\BoxFilterPass.h">
      <Filter>ヘッダー ファイル</Filter>
    </ClInclude>
    <ClInclude Include="gameEngine\base\postEffect\GaussianFilterPass.h">
      <Filter>ヘッダー ファイル</Filter>
    </ClInclude>
    <ClInclude Include="gameEngine\base\postEffect\NoneEffectPass.h">
      <Filter>ヘッダー ファイル</Filter>
    </ClInclude>
    <ClInclude Include="gameEngine\particle\MeshBuilder.h">
      <Filter>ヘッダー ファイル</Filter>
    </ClInclude>
    <ClInclude Include="gameEngine\particle\ParticleMotion.h">
      <Filter>ヘッダー ファイル</Filter>
    </ClInclude>
    <ClInclude Include="gameEngine\math\Ease.h">
      <Filter>ヘッダー ファイル</Filter>
    </ClInclude>
    <ClInclude Include="application\Objects\Enemy\BehaviorState\NormalEmemyState\EnemyBehaviorState.h">
      <Filter>ヘッダー ファイル</Filter>
    </ClInclude>
    <ClInclude Include="application\Objects\Enemy\BehaviorState\NormalEmemyState\EnemyBehaviorSpawn.h">
      <Filter>ヘッダー ファイル</Filter>
    </ClInclude>
    <ClInclude Include="application\Objects\Enemy\BehaviorState\NormalEmemyState\EnemyBehaviorMove.h">
      <Filter>ヘッダー ファイル</Filter>
    </ClInclude>
    <ClInclude Include="application\Objects\Enemy\BehaviorState\NormalEmemyState\EnemyBehaviorHitReact.h">
      <Filter>ヘッダー ファイル</Filter>
    </ClInclude>
    <ClInclude Include="application\Objects\Enemy\BehaviorState\NormalEmemyState\EnemyBehaviorAttack.h">
      <Filter>ヘッダー ファイル</Filter>
    </ClInclude>
    <ClInclude Include="application\Objects\Enemy\BehaviorState\NormalEmemyState\EnemyBehaviorDead.h">
      <Filter>ヘッダー ファイル</Filter>
    </ClInclude>
    <ClInclude Include="application\Objects\Enemy\TrapEnemy.h">
      <Filter>ヘッダー ファイル</Filter>
    </ClInclude>
    <ClInclude Include="application\Objects\Enemy\Bullet\TimeBomb.h">
      <Filter>ヘッダー ファイル</Filter>
    </ClInclude>
    <ClInclude Include="application\Objects\Enemy\Bullet\VignetteTrap.h">
      <Filter>ヘッダー ファイル</Filter>
    </ClInclude>
    <ClInclude Include="application\Objects\Enemy\BehaviorState\TrapEnemyState\TrapEnemyBehaviorState.h">
      <Filter>ヘッダー ファイル</Filter>
    </ClInclude>
    <ClInclude Include="application\Objects\Enemy\BehaviorState\TrapEnemyState\TrapEnemyBehaviorSpawn.h">
      <Filter>ヘッダー ファイル</Filter>
    </ClInclude>
    <ClInclude Include="application\Objects\Enemy\BehaviorState\TrapEnemyState\TrapEnemyBehaviorMove.h">
      <Filter>ヘッダー ファイル</Filter>
    </ClInclude>
    <ClInclude Include="application\Objects\Enemy\BehaviorState\TrapEnemyState\TrapEnemyBehaviorSetTrap.h">
      <Filter>ヘッダー ファイル</Filter>
    </ClInclude>
    <ClInclude Include="application\Objects\Enemy\BehaviorState\TrapEnemyState\TrapEnemyBehaviorHitReact.h">
      <Filter>ヘッダー ファイル</Filter>
    </ClInclude>
    <ClInclude Include="application\Objects\Enemy\BehaviorState\TrapEnemyState\TrapEnemyBehaviorDead.h">
      <Filter>ヘッダー ファイル</Filter>
    </ClInclude>
  </ItemGroup>
  <ItemGroup>
    <None Include="resources\shaders\BoxFilter.hlsli" />
    <None Include="resources\shaders\GaussianFilter.hlsli" />
    <None Include="resources\shaders\Grayscale.hlsli" />
    <None Include="resources\shaders\NoneEffect.hlsli" />
    <None Include="resources\shaders\Object3d.hlsli" />
    <None Include="resources\shaders\Particle.hlsli" />
    <None Include="resources\shaders\Skybox.hlsli" />
    <None Include="resources\shaders\Sprite.hlsli" />
    <None Include="resources\shaders\Vignette.hlsli" />
  </ItemGroup>
</Project>